// !$*UTF8*$!
{
	archiveVersion = 1;
	classes = {
	};
	objectVersion = 46;
	objects = {

/* Begin PBXBuildFile section */
		654B3E9F1BEEBEAC00F85981 /* AppDelegate.swift in Sources */ = {isa = PBXBuildFile; fileRef = 654B3E9E1BEEBEAC00F85981 /* AppDelegate.swift */; };
		654B3EA11BEEBEAC00F85981 /* ViewController.swift in Sources */ = {isa = PBXBuildFile; fileRef = 654B3EA01BEEBEAC00F85981 /* ViewController.swift */; };
		654B3EA41BEEBEAC00F85981 /* Main.storyboard in Resources */ = {isa = PBXBuildFile; fileRef = 654B3EA21BEEBEAC00F85981 /* Main.storyboard */; };
		654B3EA61BEEBEAC00F85981 /* Assets.xcassets in Resources */ = {isa = PBXBuildFile; fileRef = 654B3EA51BEEBEAC00F85981 /* Assets.xcassets */; };
		654B3EA91BEEBEAC00F85981 /* LaunchScreen.storyboard in Resources */ = {isa = PBXBuildFile; fileRef = 654B3EA71BEEBEAC00F85981 /* LaunchScreen.storyboard */; };
		654B3EB11BEEC3E200F85981 /* Datos.swift in Sources */ = {isa = PBXBuildFile; fileRef = 654B3EB01BEEC3E200F85981 /* Datos.swift */; settings = {ASSET_TAGS = (); }; };
/* End PBXBuildFile section */

/* Begin PBXFileReference section */
		654B3E9B1BEEBEAC00F85981 /* Hamburguesas.app */ = {isa = PBXFileReference; explicitFileType = wrapper.application; includeInIndex = 0; path = Hamburguesas.app; sourceTree = BUILT_PRODUCTS_DIR; };
		654B3E9E1BEEBEAC00F85981 /* AppDelegate.swift */ = {isa = PBXFileReference; lastKnownFileType = sourcecode.swift; path = AppDelegate.swift; sourceTree = "<group>"; };
		654B3EA01BEEBEAC00F85981 /* ViewController.swift */ = {isa = PBXFileReference; lastKnownFileType = sourcecode.swift; path = ViewController.swift; sourceTree = "<group>"; };
		654B3EA31BEEBEAC00F85981 /* Base */ = {isa = PBXFileReference; lastKnownFileType = file.storyboard; name = Base; path = Base.lproj/Main.storyboard; sourceTree = "<group>"; };
		654B3EA51BEEBEAC00F85981 /* Assets.xcassets */ = {isa = PBXFileReference; lastKnownFileType = folder.assetcatalog; path = Assets.xcassets; sourceTree = "<group>"; };
		654B3EA81BEEBEAC00F85981 /* Base */ = {isa = PBXFileReference; lastKnownFileType = file.storyboard; name = Base; path = Base.lproj/LaunchScreen.storyboard; sourceTree = "<group>"; };
		654B3EAA1BEEBEAC00F85981 /* Info.plist */ = {isa = PBXFileReference; lastKnownFileType = text.plist.xml; path = Info.plist; sourceTree = "<group>"; };
		654B3EB01BEEC3E200F85981 /* Datos.swift */ = {isa = PBXFileReference; fileEncoding = 4; lastKnownFileType = sourcecode.swift; path = Datos.swift; sourceTree = "<group>"; };
/* End PBXFileReference section */

/* Begin PBXFrameworksBuildPhase section */
		654B3E981BEEBEAC00F85981 /* Frameworks */ = {
			isa = PBXFrameworksBuildPhase;
			buildActionMask = 2147483647;
			files = (
			);
			runOnlyForDeploymentPostprocessing = 0;
		};
/* End PBXFrameworksBuildPhase section */

/* Begin PBXGroup section */
		654B3E921BEEBEAC00F85981 = {
			isa = PBXGroup;
			children = (
				654B3E9D1BEEBEAC00F85981 /* Hamburguesas */,
				654B3E9C1BEEBEAC00F85981 /* Products */,
			);
			sourceTree = "<group>";
		};
		654B3E9C1BEEBEAC00F85981 /* Products */ = {
			isa = PBXGroup;
			children = (
				654B3E9B1BEEBEAC00F85981 /* Hamburguesas.app */,
			);
			name = Products;
			sourceTree = "<group>";
		};
		654B3E9D1BEEBEAC00F85981 /* Hamburguesas */ = {
			isa = PBXGroup;
			children = (
				654B3E9E1BEEBEAC00F85981 /* AppDelegate.swift */,
				654B3EB01BEEC3E200F85981 /* Datos.swift */,
				654B3EA01BEEBEAC00F85981 /* ViewController.swift */,
				654B3EA21BEEBEAC00F85981 /* Main.storyboard */,
				654B3EA51BEEBEAC00F85981 /* Assets.xcassets */,
				654B3EA71BEEBEAC00F85981 /* LaunchScreen.storyboard */,
				654B3EAA1BEEBEAC00F85981 /* Info.plist */,
			);
			path = Hamburguesas;
			sourceTree = "<group>";
		};
/* End PBXGroup section */

/* Begin PBXNativeTarget section */
		654B3E9A1BEEBEAC00F85981 /* Hamburguesas */ = {
			isa = PBXNativeTarget;
			buildConfigurationList = 654B3EAD1BEEBEAC00F85981 /* Build configuration list for PBXNativeTarget "Hamburguesas" */;
			buildPhases = (
				654B3E971BEEBEAC00F85981 /* Sources */,
				654B3E981BEEBEAC00F85981 /* Frameworks */,
				654B3E991BEEBEAC00F85981 /* Resources */,
			);
			buildRules = (
			);
			dependencies = (
			);
			name = Hamburguesas;
			productName = Hamburguesas;
			productReference = 654B3E9B1BEEBEAC00F85981 /* Hamburguesas.app */;
			productType = "com.apple.product-type.application";
		};
/* End PBXNativeTarget section */

/* Begin PBXProject section */
		654B3E931BEEBEAC00F85981 /* Project object */ = {
			isa = PBXProject;
			attributes = {
				LastUpgradeCheck = 0700;
				ORGANIZATIONNAME = Dgarciar;
				TargetAttributes = {
					654B3E9A1BEEBEAC00F85981 = {
						CreatedOnToolsVersion = 7.0.1;
						DevelopmentTeam = XVV2EENGL8;
					};
				};
			};
			buildConfigurationList = 654B3E961BEEBEAC00F85981 /* Build configuration list for PBXProject "Hamburguesas" */;
			compatibilityVersion = "Xcode 3.2";
			developmentRegion = English;
			hasScannedForEncodings = 0;
			knownRegions = (
				en,
				Base,
			);
			mainGroup = 654B3E921BEEBEAC00F85981;
			productRefGroup = 654B3E9C1BEEBEAC00F85981 /* Products */;
			projectDirPath = "";
			projectRoot = "";
			targets = (
				654B3E9A1BEEBEAC00F85981 /* Hamburguesas */,
			);
		};
/* End PBXProject section */

/* Begin PBXResourcesBuildPhase section */
		654B3E991BEEBEAC00F85981 /* Resources */ = {
			isa = PBXResourcesBuildPhase;
			buildActionMask = 2147483647;
			files = (
				654B3EA91BEEBEAC00F85981 /* LaunchScreen.storyboard in Resources */,
				654B3EA61BEEBEAC00F85981 /* Assets.xcassets in Resources */,
				654B3EA41BEEBEAC00F85981 /* Main.storyboard in Resources */,
			);
			runOnlyForDeploymentPostprocessing = 0;
		};
/* End PBXResourcesBuildPhase section */

/* Begin PBXSourcesBuildPhase section */
		654B3E971BEEBEAC00F85981 /* Sources */ = {
			isa = PBXSourcesBuildPhase;
			buildActionMask = 2147483647;
			files = (
				654B3EA11BEEBEAC00F85981 /* ViewController.swift in Sources */,
				654B3E9F1BEEBEAC00F85981 /* AppDelegate.swift in Sources */,
				654B3EB11BEEC3E200F85981 /* Datos.swift in Sources */,
			);
			runOnlyForDeploymentPostprocessing = 0;
		};
/* End PBXSourcesBuildPhase section */

/* Begin PBXVariantGroup section */
		654B3EA21BEEBEAC00F85981 /* Main.storyboard */ = {
			isa = PBXVariantGroup;
			children = (
				654B3EA31BEEBEAC00F85981 /* Base */,
			);
			name = Main.storyboard;
			sourceTree = "<group>";
		};
		654B3EA71BEEBEAC00F85981 /* LaunchScreen.storyboard */ = {
			isa = PBXVariantGroup;
			children = (
				654B3EA81BEEBEAC00F85981 /* Base */,
			);
			name = LaunchScreen.storyboard;
			sourceTree = "<group>";
		};
/* End PBXVariantGroup section */

/* Begin XCBuildConfiguration section */
		654B3EAB1BEEBEAC00F85981 /* Debug */ = {
			isa = XCBuildConfiguration;
			buildSettings = {
				ALWAYS_SEARCH_USER_PATHS = NO;
				CLANG_CXX_LANGUAGE_STANDARD = "gnu++0x";
				CLANG_CXX_LIBRARY = "libc++";
				CLANG_ENABLE_MODULES = YES;
				CLANG_ENABLE_OBJC_ARC = YES;
				CLANG_WARN_BOOL_CONVERSION = YES;
				CLANG_WARN_CONSTANT_CONVERSION = YES;
				CLANG_WARN_DIRECT_OBJC_ISA_USAGE = YES_ERROR;
				CLANG_WARN_EMPTY_BODY = YES;
				CLANG_WARN_ENUM_CONVERSION = YES;
				CLANG_WARN_INT_CONVERSION = YES;
				CLANG_WARN_OBJC_ROOT_CLASS = YES_ERROR;
				CLANG_WARN_UNREACHABLE_CODE = YES;
				CLANG_WARN__DUPLICATE_METHOD_MATCH = YES;
				"CODE_SIGN_IDENTITY[sdk=iphoneos*]" = "iPhone Developer";
				COPY_PHASE_STRIP = NO;
				DEBUG_INFORMATION_FORMAT = dwarf;
				ENABLE_STRICT_OBJC_MSGSEND = YES;
				ENABLE_TESTABILITY = YES;
				GCC_C_LANGUAGE_STANDARD = gnu99;
				GCC_DYNAMIC_NO_PIC = NO;
				GCC_NO_COMMON_BLOCKS = YES;
				GCC_OPTIMIZATION_LEVEL = 0;
				GCC_PREPROCESSOR_DEFINITIONS = (
					"DEBUG=1",
					"$(inherited)",
				);
				GCC_WARN_64_TO_32_BIT_CONVERSION = YES;
				GCC_WARN_ABOUT_RETURN_TYPE = YES_ERROR;
				GCC_WARN_UNDECLARED_SELECTOR = YES;
				GCC_WARN_UNINITIALIZED_AUTOS = YES_AGGRESSIVE;
				GCC_WARN_UNUSED_FUNCTION = YES;
				GCC_WARN_UNUSED_VARIABLE = YES;
				IPHONEOS_DEPLOYMENT_TARGET = 9.0;
				MTL_ENABLE_DEBUG_INFO = YES;
				ONLY_ACTIVE_ARCH = YES;
				SDKROOT = iphoneos;
				SWIFT_OPTIMIZATION_LEVEL = "-Onone";
			};
			name = Debug;
		};
		654B3EAC1BEEBEAC00F85981 /* Release */ = {
			isa = XCBuildConfiguration;
			buildSettings = {
				ALWAYS_SEARCH_USER_PATHS = NO;
				CLANG_CXX_LANGUAGE_STANDARD = "gnu++0x";
				CLANG_CXX_LIBRARY = "libc++";
				CLANG_ENABLE_MODULES = YES;
				CLANG_ENABLE_OBJC_ARC = YES;
				CLANG_WARN_BOOL_CONVERSION = YES;
				CLANG_WARN_CONSTANT_CONVERSION = YES;
				CLANG_WARN_DIRECT_OBJC_ISA_USAGE = YES_ERROR;
				CLANG_WARN_EMPTY_BODY = YES;
				CLANG_WARN_ENUM_CONVERSION = YES;
				CLANG_WARN_INT_CONVERSION = YES;
				CLANG_WARN_OBJC_ROOT_CLASS = YES_ERROR;
				CLANG_WARN_UNREACHABLE_CODE = YES;
				CLANG_WARN__DUPLICATE_METHOD_MATCH = YES;
				"CODE_SIGN_IDENTITY[sdk=iphoneos*]" = "iPhone Developer";
				COPY_PHASE_STRIP = NO;
				DEBUG_INFORMATION_FORMAT = "dwarf-with-dsym";
				ENABLE_NS_ASSERTIONS = NO;
				ENABLE_STRICT_OBJC_MSGSEND = YES;
				GCC_C_LANGUAGE_STANDARD = gnu99;
				GCC_NO_COMMON_BLOCKS = YES;
				GCC_WARN_64_TO_32_BIT_CONVERSION = YES;
				GCC_WARN_ABOUT_RETURN_TYPE = YES_ERROR;
				GCC_WARN_UNDECLARED_SELECTOR = YES;
				GCC_WARN_UNINITIALIZED_AUTOS = YES_AGGRESSIVE;
				GCC_WARN_UNUSED_FUNCTION = YES;
				GCC_WARN_UNUSED_VARIABLE = YES;
				IPHONEOS_DEPLOYMENT_TARGET = 9.0;
				MTL_ENABLE_DEBUG_INFO = NO;
				SDKROOT = iphoneos;
				VALIDATE_PRODUCT = YES;
			};
			name = Release;
		};
		654B3EAE1BEEBEAC00F85981 /* Debug */ = {
			isa = XCBuildConfiguration;
			buildSettings = {
				ASSETCATALOG_COMPILER_APPICON_NAME = AppIcon;
				INFOPLIST_FILE = Hamburguesas/Info.plist;
				LD_RUNPATH_SEARCH_PATHS = "$(inherited) @executable_path/Frameworks";
				PRODUCT_BUNDLE_IDENTIFIER = com.dgarciardev.Hamburguesas;
				PRODUCT_NAME = "$(TARGET_NAME)";
			};
			name = Debug;
		};
		654B3EAF1BEEBEAC00F85981 /* Release */ = {
			isa = XCBuildConfiguration;
			buildSettings = {
				ASSETCATALOG_COMPILER_APPICON_NAME = AppIcon;
				INFOPLIST_FILE = Hamburguesas/Info.plist;
				LD_RUNPATH_SEARCH_PATHS = "$(inherited) @executable_path/Frameworks";
				PRODUCT_BUNDLE_IDENTIFIER = com.dgarciardev.Hamburguesas;
				PRODUCT_NAME = "$(TARGET_NAME)";
			};
			name = Release;
		};
/* End XCBuildConfiguration section */

/* Begin XCConfigurationList section */
		654B3E961BEEBEAC00F85981 /* Build configuration list for PBXProject "Hamburguesas" */ = {
			isa = XCConfigurationList;
			buildConfigurations = (
				654B3EAB1BEEBEAC00F85981 /* Debug */,
				654B3EAC1BEEBEAC00F85981 /* Release */,
			);
			defaultConfigurationIsVisible = 0;
			defaultConfigurationName = Release;
		};
		654B3EAD1BEEBEAC00F85981 /* Build configuration list for PBXNativeTarget "Hamburguesas" */ = {
			isa = XCConfigurationList;
			buildConfigurations = (
				654B3EAE1BEEBEAC00F85981 /* Debug */,
				654B3EAF1BEEBEAC00F85981 /* Release */,
			);
			defaultConfigurationIsVisible = 0;
		};
/* End XCConfigurationList section */
	};
	rootObject = 654B3E931BEEBEAC00F85981 /* Project object */;
}
